# This file is automatically @generated by Cargo.
# It is not intended for manual editing.
version = 4

[[package]]
name = "advent-of-code"
version = "0.1.0"
dependencies = [
 "owo-colors",
]

[[package]]
name = "either"
version = "1.13.0"
source = "registry+https://github.com/rust-lang/crates.io-index"
checksum = "60b1af1c220855b6ceac025d3f6ecdd2b7c4894bfe9cd9bda4fbb4bc7c0d4cf0"

[[package]]
name = "itertools"
version = "0.13.0"
source = "registry+https://github.com/rust-lang/crates.io-index"
checksum = "413ee7dfc52ee1a4949ceeb7dbc8a33f2d6c088194d9f922fb8318faf1f01186"
dependencies = [
 "either",
]

[[package]]
name = "itoa"
version = "1.0.11"
source = "registry+https://github.com/rust-lang/crates.io-index"
checksum = "49f1f14873335454500d59611f1cf4a4b0f786f9ac11f4312a78e4cf2566695b"

[[package]]
name = "md5"
version = "0.7.0"
source = "registry+https://github.com/rust-lang/crates.io-index"
checksum = "490cc448043f947bae3cbee9c203358d62dbee0db12107a74be5c30ccfd09771"

[[package]]
name = "memchr"
version = "2.7.4"
source = "registry+https://github.com/rust-lang/crates.io-index"
checksum = "78ca9ab1a0babb1e7d5695e3530886289c18cf2f87ec19a575a0abdce112e3a3"

[[package]]
name = "minimal-lexical"
version = "0.2.1"
source = "registry+https://github.com/rust-lang/crates.io-index"
checksum = "68354c5c6bd36d73ff3feceb05efa59b6acb7626617f4962be322a825e61f79a"

[[package]]
name = "nom"
version = "7.1.3"
source = "registry+https://github.com/rust-lang/crates.io-index"
checksum = "d273983c5a657a70a3e8f2a01329822f3b8c8172b73826411a55751e404a0a4a"
dependencies = [
 "memchr",
 "minimal-lexical",
]

[[package]]
name = "owo-colors"
version = "4.1.0"
source = "registry+https://github.com/rust-lang/crates.io-index"
checksum = "fb37767f6569cd834a413442455e0f066d0d522de8630436e2a1761d9726ba56"

[[package]]
name = "proc-macro2"
version = "1.0.88"
source = "registry+https://github.com/rust-lang/crates.io-index"
checksum = "7c3a7fc5db1e57d5a779a352c8cdb57b29aa4c40cc69c3a68a7fedc815fbf2f9"
dependencies = [
 "unicode-ident",
]

[[package]]
name = "puzzle-2015-01"
version = "0.0.0"
dependencies = [
 "advent-of-code",
]

[[package]]
name = "puzzle-2015-02"
version = "0.0.0"
dependencies = [
 "advent-of-code",
 "nom",
]

[[package]]
name = "puzzle-2015-03"
version = "0.0.0"
dependencies = [
 "advent-of-code",
]

[[package]]
name = "puzzle-2015-04"
version = "0.0.0"
dependencies = [
 "advent-of-code",
 "md5",
]

[[package]]
name = "puzzle-2015-05"
version = "0.0.0"
dependencies = [
 "advent-of-code",
 "itertools",
]

[[package]]
name = "puzzle-2015-06"
version = "0.0.0"
dependencies = [
 "advent-of-code",
 "nom",
]

[[package]]
name = "puzzle-2015-07"
version = "0.0.0"
dependencies = [
 "advent-of-code",
 "nom",
]

[[package]]
name = "puzzle-2015-08"
version = "0.0.0"
dependencies = [
 "advent-of-code",
 "nom",
]

[[package]]
name = "puzzle-2015-09"
version = "0.0.0"
dependencies = [
 "advent-of-code",
 "itertools",
 "nom",
]

[[package]]
name = "puzzle-2015-10"
version = "0.0.0"
dependencies = [
 "advent-of-code",
 "nom",
]

[[package]]
name = "puzzle-2015-11"
version = "0.0.0"
dependencies = [
 "advent-of-code",
 "itertools",
]

[[package]]
name = "puzzle-2015-12"
version = "0.0.0"
dependencies = [
 "advent-of-code",
 "serde",
 "serde_json",
]

[[package]]
name = "puzzle-2015-13"
version = "0.0.0"
dependencies = [
 "advent-of-code",
 "itertools",
 "nom",
]

[[package]]
name = "puzzle-2015-14"
version = "0.0.0"
dependencies = [
 "advent-of-code",
 "nom",
]

[[package]]
name = "puzzle-2015-15"
version = "0.0.0"
dependencies = [
 "advent-of-code",
 "itertools",
 "nom",
]

[[package]]
name = "puzzle-2015-16"
version = "0.0.0"
dependencies = [
 "advent-of-code",
 "nom",
]

[[package]]
name = "puzzle-2015-17"
version = "0.0.0"
dependencies = [
 "advent-of-code",
 "itertools",
]

[[package]]
name = "puzzle-2015-18"
version = "0.0.0"
dependencies = [
 "advent-of-code",
 "itertools",
 "nom",
]

[[package]]
name = "puzzle-2015-19"
version = "0.0.0"
dependencies = [
 "advent-of-code",
]

[[package]]
name = "puzzle-2015-20"
version = "0.0.0"
dependencies = [
 "advent-of-code",
]

[[package]]
name = "puzzle-2016-01"
version = "0.0.0"
dependencies = [
 "advent-of-code",
]

[[package]]
name = "puzzle-2016-02"
version = "0.0.0"
dependencies = [
 "advent-of-code",
]

[[package]]
name = "puzzle-2016-03"
version = "0.0.0"
dependencies = [
 "advent-of-code",
 "itertools",
]

[[package]]
name = "puzzle-2016-04"
version = "0.0.0"
dependencies = [
 "advent-of-code",
 "itertools",
 "nom",
]

[[package]]
name = "puzzle-2016-05"
version = "0.0.0"
dependencies = [
 "advent-of-code",
 "md5",
]

[[package]]
name = "puzzle-2016-06"
version = "0.0.0"
dependencies = [
 "advent-of-code",
 "itertools",
]

[[package]]
name = "puzzle-2017-01"
version = "0.0.0"
dependencies = [
 "advent-of-code",
 "itertools",
]

[[package]]
name = "puzzle-2017-02"
version = "0.0.0"
dependencies = [
 "advent-of-code",
 "itertools",
]

[[package]]
name = "puzzle-template"
version = "0.0.0"
dependencies = [
 "advent-of-code",
]

[[package]]
name = "quote"
version = "1.0.37"
source = "registry+https://github.com/rust-lang/crates.io-index"
checksum = "b5b9d34b8991d19d98081b46eacdd8eb58c6f2b201139f7c5f643cc155a633af"
dependencies = [
 "proc-macro2",
]

[[package]]
name = "ryu"
version = "1.0.18"
source = "registry+https://github.com/rust-lang/crates.io-index"
checksum = "f3cb5ba0dc43242ce17de99c180e96db90b235b8a9fdc9543c96d2209116bd9f"

[[package]]
name = "serde"
version = "1.0.214"
source = "registry+https://github.com/rust-lang/crates.io-index"
checksum = "f55c3193aca71c12ad7890f1785d2b73e1b9f63a0bbc353c08ef26fe03fc56b5"
dependencies = [
 "serde_derive",
]

[[package]]
name = "serde_derive"
version = "1.0.214"
source = "registry+https://github.com/rust-lang/crates.io-index"
checksum = "de523f781f095e28fa605cdce0f8307e451cc0fd14e2eb4cd2e98a355b147766"
dependencies = [
 "proc-macro2",
 "quote",
 "syn",
]

[[package]]
name = "serde_json"
version = "1.0.132"
source = "registry+https://github.com/rust-lang/crates.io-index"
checksum = "d726bfaff4b320266d395898905d0eba0345aae23b54aee3a737e260fd46db03"
dependencies = [
 "itoa",
 "memchr",
 "ryu",
 "serde",
]

[[package]]
name = "syn"
version = "2.0.85"
source = "registry+https://github.com/rust-lang/crates.io-index"
checksum = "5023162dfcd14ef8f32034d8bcd4cc5ddc61ef7a247c024a33e24e1f24d21b56"
dependencies = [
 "proc-macro2",
 "quote",
 "unicode-ident",
]

[[package]]
name = "unicode-ident"
version = "1.0.13"
source = "registry+https://github.com/rust-lang/crates.io-index"
checksum = "e91b56cd4cadaeb79bbf1a5645f6b4f8dc5bde8834ad5894a8db35fda9efa1fe"
