# This file is automatically @generated by Cargo.
# It is not intended for manual editing.
version = 3

[[package]]
name = "advent-of-code"
version = "0.1.0"
dependencies = [
 "owo-colors",
]

[[package]]
name = "either"
version = "1.12.0"
source = "registry+https://github.com/rust-lang/crates.io-index"
checksum = "3dca9240753cf90908d7e4aac30f630662b02aebaa1b58a3cadabdb23385b58b"

[[package]]
name = "itertools"
version = "0.13.0"
source = "registry+https://github.com/rust-lang/crates.io-index"
checksum = "413ee7dfc52ee1a4949ceeb7dbc8a33f2d6c088194d9f922fb8318faf1f01186"
dependencies = [
 "either",
]

[[package]]
name = "itoa"
version = "1.0.11"
source = "registry+https://github.com/rust-lang/crates.io-index"
checksum = "49f1f14873335454500d59611f1cf4a4b0f786f9ac11f4312a78e4cf2566695b"

[[package]]
name = "md5"
version = "0.7.0"
source = "registry+https://github.com/rust-lang/crates.io-index"
checksum = "490cc448043f947bae3cbee9c203358d62dbee0db12107a74be5c30ccfd09771"

[[package]]
name = "memchr"
version = "2.7.2"
source = "registry+https://github.com/rust-lang/crates.io-index"
checksum = "6c8640c5d730cb13ebd907d8d04b52f55ac9a2eec55b440c8892f40d56c76c1d"

[[package]]
name = "minimal-lexical"
version = "0.2.1"
source = "registry+https://github.com/rust-lang/crates.io-index"
checksum = "68354c5c6bd36d73ff3feceb05efa59b6acb7626617f4962be322a825e61f79a"

[[package]]
name = "nom"
version = "7.1.3"
source = "registry+https://github.com/rust-lang/crates.io-index"
checksum = "d273983c5a657a70a3e8f2a01329822f3b8c8172b73826411a55751e404a0a4a"
dependencies = [
 "memchr",
 "minimal-lexical",
]

[[package]]
name = "owo-colors"
version = "4.0.0"
source = "registry+https://github.com/rust-lang/crates.io-index"
checksum = "caff54706df99d2a78a5a4e3455ff45448d81ef1bb63c22cd14052ca0e993a3f"

[[package]]
name = "proc-macro2"
version = "1.0.84"
source = "registry+https://github.com/rust-lang/crates.io-index"
checksum = "ec96c6a92621310b51366f1e28d05ef11489516e93be030060e5fc12024a49d6"
dependencies = [
 "unicode-ident",
]

[[package]]
name = "puzzle-2015-1"
version = "0.0.0"
dependencies = [
 "advent-of-code",
]

[[package]]
name = "puzzle-2015-10"
version = "0.0.0"
dependencies = [
 "advent-of-code",
 "nom",
]

[[package]]
name = "puzzle-2015-11"
version = "0.0.0"
dependencies = [
 "advent-of-code",
 "itertools",
]

[[package]]
name = "puzzle-2015-12"
version = "0.0.0"
dependencies = [
 "advent-of-code",
 "serde",
 "serde_json",
]

[[package]]
name = "puzzle-2015-13"
version = "0.0.0"
dependencies = [
 "advent-of-code",
 "itertools",
 "nom",
]

[[package]]
name = "puzzle-2015-14"
version = "0.0.0"
dependencies = [
 "advent-of-code",
 "nom",
]

[[package]]
name = "puzzle-2015-2"
version = "0.0.0"
dependencies = [
 "advent-of-code",
 "nom",
]

[[package]]
name = "puzzle-2015-3"
version = "0.0.0"
dependencies = [
 "advent-of-code",
]

[[package]]
name = "puzzle-2015-4"
version = "0.0.0"
dependencies = [
 "advent-of-code",
 "md5",
]

[[package]]
name = "puzzle-2015-5"
version = "0.0.0"
dependencies = [
 "advent-of-code",
 "itertools",
]

[[package]]
name = "puzzle-2015-6"
version = "0.0.0"
dependencies = [
 "advent-of-code",
 "nom",
]

[[package]]
name = "puzzle-2015-7"
version = "0.0.0"
dependencies = [
 "advent-of-code",
 "nom",
]

[[package]]
name = "puzzle-2015-8"
version = "0.0.0"
dependencies = [
 "advent-of-code",
 "nom",
]

[[package]]
name = "puzzle-2015-9"
version = "0.0.0"
dependencies = [
 "advent-of-code",
 "itertools",
 "nom",
]

[[package]]
name = "puzzle-template"
version = "0.0.0"
dependencies = [
 "advent-of-code",
]

[[package]]
name = "quote"
version = "1.0.36"
source = "registry+https://github.com/rust-lang/crates.io-index"
checksum = "0fa76aaf39101c457836aec0ce2316dbdc3ab723cdda1c6bd4e6ad4208acaca7"
dependencies = [
 "proc-macro2",
]

[[package]]
name = "ryu"
version = "1.0.18"
source = "registry+https://github.com/rust-lang/crates.io-index"
checksum = "f3cb5ba0dc43242ce17de99c180e96db90b235b8a9fdc9543c96d2209116bd9f"

[[package]]
name = "serde"
version = "1.0.203"
source = "registry+https://github.com/rust-lang/crates.io-index"
checksum = "7253ab4de971e72fb7be983802300c30b5a7f0c2e56fab8abfc6a214307c0094"
dependencies = [
 "serde_derive",
]

[[package]]
name = "serde_derive"
version = "1.0.203"
source = "registry+https://github.com/rust-lang/crates.io-index"
checksum = "500cbc0ebeb6f46627f50f3f5811ccf6bf00643be300b4c3eabc0ef55dc5b5ba"
dependencies = [
 "proc-macro2",
 "quote",
 "syn",
]

[[package]]
name = "serde_json"
version = "1.0.117"
source = "registry+https://github.com/rust-lang/crates.io-index"
checksum = "455182ea6142b14f93f4bc5320a2b31c1f266b66a4a5c858b013302a5d8cbfc3"
dependencies = [
 "itoa",
 "ryu",
 "serde",
]

[[package]]
name = "syn"
version = "2.0.66"
source = "registry+https://github.com/rust-lang/crates.io-index"
checksum = "c42f3f41a2de00b01c0aaad383c5a45241efc8b2d1eda5661812fda5f3cdcff5"
dependencies = [
 "proc-macro2",
 "quote",
 "unicode-ident",
]

[[package]]
name = "unicode-ident"
version = "1.0.12"
source = "registry+https://github.com/rust-lang/crates.io-index"
checksum = "3354b9ac3fae1ff6755cb6db53683adb661634f67557942dea4facebec0fee4b"
